
Microsoft Visual Studio Solution File, Format Version 12.00
# Visual Studio Version 16
VisualStudioVersion = 25.0.1704.4
MinimumVisualStudioVersion = 10.0.40219.1
Project("{FAE04EC0-301F-11D3-BF4B-00C04F79EFBC}") = "EmployeeService", "EmployeeService.csproj", "{0C52A22B-A253-4A90-9E8F-2F8EA3C16CFB}"
EndProject
Global
	GlobalSection(SolutionConfigurationPlatforms) = preSolution
		Debug|Any CPU = Debug|Any CPU
		Release|Any CPU = Release|Any CPU
	EndGlobalSection
	GlobalSection(ProjectConfigurationPlatforms) = postSolution
		{0C52A22B-A253-4A90-9E8F-2F8EA3C16CFB}.Debug|Any CPU.ActiveCfg = Debug|Any CPU
		{0C52A22B-A253-4A90-9E8F-2F8EA3C16CFB}.Debug|Any CPU.Build.0 = Debug|Any CPU
		{0C52A22B-A253-4A90-9E8F-2F8EA3C16CFB}.Release|Any CPU.ActiveCfg = Release|Any CPU
		{0C52A22B-A253-4A90-9E8F-2F8EA3C16CFB}.Release|Any CPU.Build.0 = Release|Any CPU
	EndGlobalSection
	GlobalSection(SolutionProperties) = preSolution
		HideSolutionNode = FALSE
	EndGlobalSection
	GlobalSection(ExtensibilityGlobals) = postSolution
		SolutionGuid = {D325AD76-C0FF-4F4F-99AD-C735D9605B01}
	EndGlobalSection
EndGlobal
